PODS:
  - connectivity_plus (0.0.1):
    - Flutter
    - ReachabilitySwift
  - Flutter (1.0.0)
  - ReachabilitySwift (5.0.0)
  - speech_to_text (0.0.1):
    - Flutter
    - Try
  - Try (2.1.1)

DEPENDENCIES:
  - connectivity_plus (from `.symlinks/plugins/connectivity_plus/ios`)
  - Flutter (from `Flutter`)
  - speech_to_text (from `.symlinks/plugins/speech_to_text/ios`)

SPEC REPOS:
  trunk:
    - ReachabilitySwift
    - Try

EXTERNAL SOURCES:
  connectivity_plus:
    :path: ".symlinks/plugins/connectivity_plus/ios"
  Flutter:
    :path: Flutter
  speech_to_text:
    :path: ".symlinks/plugins/speech_to_text/ios"

SPEC CHECKSUMS:
  connectivity_plus: 413a8857dd5d9f1c399a39130850d02fe0feaf7e
  Flutter: 434fef37c0980e73bb6479ef766c45957d4b510c
  ReachabilitySwift: 985039c6f7b23a1da463388634119492ff86c825
  speech_to_text: b43a7d99aef037bd758ed8e45d79bbac035d2dfe
  Try: 5ef669ae832617b3cee58cb2c6f99fb767a4ff96

PODFILE CHECKSUM: aafe91acc616949ddb318b77800a7f51bffa2a4c

COCOAPODS: 1.11.3
